github.com/c9s/goprocinfo v0.0.0-20210130143923-c95fcf8c64a8 h1:SjZ2GvvOononHOpK84APFuMvxqsk3tEIaKH/z4Rpu3g=
github.com/c9s/goprocinfo v0.0.0-20210130143923-c95fcf8c64a8/go.mod h1:uEyr4WpAH4hio6LFriaPkL938XnrvLpNPmQHBdrmbIE=
github.com/d2r2/go-logger v0.0.0-20210606094344-60e9d1233e22 h1:nO+SY4KOMsF/LsZ5EtbSKhiT3M6sv/igo2PEru/xEHI=
github.com/d2r2/go-logger v0.0.0-20210606094344-60e9d1233e22/go.mod h1:eSx+YfcVy5vCjRZBNIhpIpfCGFMQ6XSOSQkDk7+VCpg=
github.com/davecgh/go-spew v1.1.1 h1:vj9j/u1bqnvCEfJOwUhtlOARqs3+rkHYY13jYWTU97c=
github.com/davecgh/go-spew v1.1.1/go.mod h1:J7Y8YcW2NihsgmVo/mv3lAwl/skON4iLHjSsI+c5H38=
github.com/laof/go-i2c v0.0.0-20230225105526-129d8e4e6f20 h1:ua4ejWoYk73STKl0aoMcOFfcbFmeTIAGIlOY3AXzx68=
github.com/laof/go-i2c v0.0.0-20230225105526-129d8e4e6f20/go.mod h1:/nyQtPpd29hdoXBhMbXgSeNW+NEjTl2qmdcf7SDuE6s=
github.com/laof/go-lcd v0.0.0-20230225112212-ba7a6b0f91af h1:KgT2/Mix+0RRxE9SpNSs+6YXv77NJ8F9Pe3EkHK6yZg=
github.com/laof/go-lcd v0.0.0-20230225112212-ba7a6b0f91af/go.mod h1:4aWqEHtWOhUU64hQAbPYzAUBmSIqSbKfFpHpYJAgg2k=
github.com/op/go-logging v0.0.0-20160315200505-970db520ece7 h1:lDH9UUVJtmYCjyT0CI4q8xvlXPxeZ0gYCVvWbmPlp88=
github.com/op/go-logging v0.0.0-20160315200505-970db520ece7/go.mod h1:HzydrMdWErDVzsI23lYNej1Htcns9BCg93Dk0bBINWk=
